
Microsoft Visual Studio Solution File, Format Version 12.00
# Visual Studio 14
VisualStudioVersion = 14.0.24720.0
MinimumVisualStudioVersion = 10.0.40219.1
Project("{FAE04EC0-301F-11D3-BF4B-00C04F79EFBC}") = "Panagram", "Panagram\Panagram.csproj", "{EA45C3C0-716C-470D-B8FC-A46120F7E73A}"
EndProject
Global
	GlobalSection(SolutionConfigurationPlatforms) = preSolution
		Debug|Any CPU = Debug|Any CPU
		Release|Any CPU = Release|Any CPU
	EndGlobalSection
	GlobalSection(ProjectConfigurationPlatforms) = postSolution
		{EA45C3C0-716C-470D-B8FC-A46120F7E73A}.Debug|Any CPU.ActiveCfg = Debug|Any CPU
		{EA45C3C0-716C-470D-B8FC-A46120F7E73A}.Debug|Any CPU.Build.0 = Debug|Any CPU
		{EA45C3C0-716C-470D-B8FC-A46120F7E73A}.Release|Any CPU.ActiveCfg = Release|Any CPU
		{EA45C3C0-716C-470D-B8FC-A46120F7E73A}.Release|Any CPU.Build.0 = Release|Any CPU
	EndGlobalSection
	GlobalSection(SolutionProperties) = preSolution
		HideSolutionNode = FALSE
	EndGlobalSection
EndGlobal
